
Microsoft Visual Studio Solution File, Format Version 12.00
# Visual Studio Version 17
VisualStudioVersion = 17.11.35327.3
MinimumVisualStudioVersion = 10.0.40219.1
Project("{9A19103F-16F7-4668-BE54-9A1E7A4F7556}") = "ConsoleApp_1", "ConsoleApp_1\ConsoleApp_1.csproj", "{A35C609D-DE74-4DE0-BE12-41D63421E09B}"
EndProject
Project("{FAE04EC0-301F-11D3-BF4B-00C04F79EFBC}") = "DZ_1_SimpleCode", "DZ_1_SimpleCode\DZ_1_SimpleCode.csproj", "{4E0F4370-5DB9-4E4A-AF0A-421A4DB6C712}"
EndProject
Global
	GlobalSection(SolutionConfigurationPlatforms) = preSolution
		Debug|Any CPU = Debug|Any CPU
		Release|Any CPU = Release|Any CPU
	EndGlobalSection
	GlobalSection(ProjectConfigurationPlatforms) = postSolution
		{A35C609D-DE74-4DE0-BE12-41D63421E09B}.Debug|Any CPU.ActiveCfg = Debug|Any CPU
		{A35C609D-DE74-4DE0-BE12-41D63421E09B}.Debug|Any CPU.Build.0 = Debug|Any CPU
		{A35C609D-DE74-4DE0-BE12-41D63421E09B}.Release|Any CPU.ActiveCfg = Release|Any CPU
		{A35C609D-DE74-4DE0-BE12-41D63421E09B}.Release|Any CPU.Build.0 = Release|Any CPU
		{4E0F4370-5DB9-4E4A-AF0A-421A4DB6C712}.Debug|Any CPU.ActiveCfg = Debug|Any CPU
		{4E0F4370-5DB9-4E4A-AF0A-421A4DB6C712}.Debug|Any CPU.Build.0 = Debug|Any CPU
		{4E0F4370-5DB9-4E4A-AF0A-421A4DB6C712}.Release|Any CPU.ActiveCfg = Release|Any CPU
		{4E0F4370-5DB9-4E4A-AF0A-421A4DB6C712}.Release|Any CPU.Build.0 = Release|Any CPU
	EndGlobalSection
	GlobalSection(SolutionProperties) = preSolution
		HideSolutionNode = FALSE
	EndGlobalSection
	GlobalSection(ExtensibilityGlobals) = postSolution
		SolutionGuid = {44F359CA-A0B7-4B9E-8E79-041122413CE4}
	EndGlobalSection
EndGlobal
