
Microsoft Visual Studio Solution File, Format Version 12.00
# Visual Studio Version 17
VisualStudioVersion = 17.11.35327.3
MinimumVisualStudioVersion = 10.0.40219.1
Project("{9A19103F-16F7-4668-BE54-9A1E7A4F7556}") = "ConsoleApp_1", "ConsoleApp_1\ConsoleApp_1.csproj", "{A35C609D-DE74-4DE0-BE12-41D63421E09B}"
EndProject
Project("{9A19103F-16F7-4668-BE54-9A1E7A4F7556}") = "DZ_1_SimpleCode", "DZ_1_SimpleCode\DZ_1_SimpleCode.csproj", "{4E0F4370-5DB9-4E4A-AF0A-421A4DB6C712}"
EndProject
Project("{9A19103F-16F7-4668-BE54-9A1E7A4F7556}") = "DZ_2+3_SimpleCode", "DZ_2+3_SimpleCode\DZ_2+3_SimpleCode.csproj", "{16CC64F9-5701-4981-AEAD-8DA397E4DACC}"
EndProject
Project("{9A19103F-16F7-4668-BE54-9A1E7A4F7556}") = "DZ_4+5_SimpleCode", "DZ_4+5_SimpleCode\DZ_4+5_SimpleCode.csproj", "{CEFA17FF-0966-46BA-9FAD-BF6D267B3CE6}"
EndProject
Project("{9A19103F-16F7-4668-BE54-9A1E7A4F7556}") = "DZ_6_SimpleCode", "DZ_6_SimpleCode\DZ_6_SimpleCode.csproj", "{EA32F357-C296-4948-B78D-D4ECBD5C0A5A}"
EndProject
Project("{9A19103F-16F7-4668-BE54-9A1E7A4F7556}") = "DZ_7_SimpleCode", "DZ_7_SimpleCode\DZ_7_SimpleCode.csproj", "{84B9E4FF-6894-4D3D-9C71-CDE037FD3FDD}"
EndProject
Project("{FAE04EC0-301F-11D3-BF4B-00C04F79EFBC}") = "DZ_8_SimpleCode", "DZ_8_SimpleCode\DZ_8_SimpleCode.csproj", "{17976902-3F45-4CF8-95B5-E08BD97B1B77}"
EndProject
Global
	GlobalSection(SolutionConfigurationPlatforms) = preSolution
		Debug|Any CPU = Debug|Any CPU
		Release|Any CPU = Release|Any CPU
	EndGlobalSection
	GlobalSection(ProjectConfigurationPlatforms) = postSolution
		{A35C609D-DE74-4DE0-BE12-41D63421E09B}.Debug|Any CPU.ActiveCfg = Debug|Any CPU
		{A35C609D-DE74-4DE0-BE12-41D63421E09B}.Debug|Any CPU.Build.0 = Debug|Any CPU
		{A35C609D-DE74-4DE0-BE12-41D63421E09B}.Release|Any CPU.ActiveCfg = Release|Any CPU
		{A35C609D-DE74-4DE0-BE12-41D63421E09B}.Release|Any CPU.Build.0 = Release|Any CPU
		{4E0F4370-5DB9-4E4A-AF0A-421A4DB6C712}.Debug|Any CPU.ActiveCfg = Debug|Any CPU
		{4E0F4370-5DB9-4E4A-AF0A-421A4DB6C712}.Debug|Any CPU.Build.0 = Debug|Any CPU
		{4E0F4370-5DB9-4E4A-AF0A-421A4DB6C712}.Release|Any CPU.ActiveCfg = Release|Any CPU
		{4E0F4370-5DB9-4E4A-AF0A-421A4DB6C712}.Release|Any CPU.Build.0 = Release|Any CPU
		{16CC64F9-5701-4981-AEAD-8DA397E4DACC}.Debug|Any CPU.ActiveCfg = Debug|Any CPU
		{16CC64F9-5701-4981-AEAD-8DA397E4DACC}.Debug|Any CPU.Build.0 = Debug|Any CPU
		{16CC64F9-5701-4981-AEAD-8DA397E4DACC}.Release|Any CPU.ActiveCfg = Release|Any CPU
		{16CC64F9-5701-4981-AEAD-8DA397E4DACC}.Release|Any CPU.Build.0 = Release|Any CPU
		{CEFA17FF-0966-46BA-9FAD-BF6D267B3CE6}.Debug|Any CPU.ActiveCfg = Debug|Any CPU
		{CEFA17FF-0966-46BA-9FAD-BF6D267B3CE6}.Debug|Any CPU.Build.0 = Debug|Any CPU
		{CEFA17FF-0966-46BA-9FAD-BF6D267B3CE6}.Release|Any CPU.ActiveCfg = Release|Any CPU
		{CEFA17FF-0966-46BA-9FAD-BF6D267B3CE6}.Release|Any CPU.Build.0 = Release|Any CPU
		{EA32F357-C296-4948-B78D-D4ECBD5C0A5A}.Debug|Any CPU.ActiveCfg = Debug|Any CPU
		{EA32F357-C296-4948-B78D-D4ECBD5C0A5A}.Debug|Any CPU.Build.0 = Debug|Any CPU
		{EA32F357-C296-4948-B78D-D4ECBD5C0A5A}.Release|Any CPU.ActiveCfg = Release|Any CPU
		{EA32F357-C296-4948-B78D-D4ECBD5C0A5A}.Release|Any CPU.Build.0 = Release|Any CPU
		{84B9E4FF-6894-4D3D-9C71-CDE037FD3FDD}.Debug|Any CPU.ActiveCfg = Debug|Any CPU
		{84B9E4FF-6894-4D3D-9C71-CDE037FD3FDD}.Debug|Any CPU.Build.0 = Debug|Any CPU
		{84B9E4FF-6894-4D3D-9C71-CDE037FD3FDD}.Release|Any CPU.ActiveCfg = Release|Any CPU
		{84B9E4FF-6894-4D3D-9C71-CDE037FD3FDD}.Release|Any CPU.Build.0 = Release|Any CPU
		{17976902-3F45-4CF8-95B5-E08BD97B1B77}.Debug|Any CPU.ActiveCfg = Debug|Any CPU
		{17976902-3F45-4CF8-95B5-E08BD97B1B77}.Debug|Any CPU.Build.0 = Debug|Any CPU
		{17976902-3F45-4CF8-95B5-E08BD97B1B77}.Release|Any CPU.ActiveCfg = Release|Any CPU
		{17976902-3F45-4CF8-95B5-E08BD97B1B77}.Release|Any CPU.Build.0 = Release|Any CPU
	EndGlobalSection
	GlobalSection(SolutionProperties) = preSolution
		HideSolutionNode = FALSE
	EndGlobalSection
	GlobalSection(ExtensibilityGlobals) = postSolution
		SolutionGuid = {44F359CA-A0B7-4B9E-8E79-041122413CE4}
	EndGlobalSection
EndGlobal
